// !$*UTF8*$!
{
	archiveVersion = 1;
	classes = {
	};
	objectVersion = 55;
	objects = {

/* Begin PBXBuildFile section */
		7E3B477128EA559E003975C7 /* FacebookLogin in Frameworks */ = {isa = PBXBuildFile; productRef = 7E3B477028EA559E003975C7 /* FacebookLogin */; };
		7E4459ED28E4322C00482354 /* LoginViewController.swift in Sources */ = {isa = PBXBuildFile; fileRef = 7E4459EC28E4322C00482354 /* LoginViewController.swift */; };
		7EDA549628EACF83003D03E8 /* FirebaseAuth in Frameworks */ = {isa = PBXBuildFile; productRef = 7EDA549528EACF83003D03E8 /* FirebaseAuth */; };
		7EDA549928EAD00C003D03E8 /* FirebaseFirestore in Frameworks */ = {isa = PBXBuildFile; productRef = 7EDA549828EAD00C003D03E8 /* FirebaseFirestore */; };
		7EDA549B28EAD00C003D03E8 /* FirebaseFirestoreSwift in Frameworks */ = {isa = PBXBuildFile; productRef = 7EDA549A28EAD00C003D03E8 /* FirebaseFirestoreSwift */; };
		7EF0339A28E1DEDF007541EA /* AppDelegate.swift in Sources */ = {isa = PBXBuildFile; fileRef = 7EF0339928E1DEDF007541EA /* AppDelegate.swift */; };
		7EF0339C28E1DEDF007541EA /* SceneDelegate.swift in Sources */ = {isa = PBXBuildFile; fileRef = 7EF0339B28E1DEDF007541EA /* SceneDelegate.swift */; };
		7EF0339E28E1DEDF007541EA /* ViewController.swift in Sources */ = {isa = PBXBuildFile; fileRef = 7EF0339D28E1DEDF007541EA /* ViewController.swift */; };
		7EF033A128E1DEDF007541EA /* Main.storyboard in Resources */ = {isa = PBXBuildFile; fileRef = 7EF0339F28E1DEDF007541EA /* Main.storyboard */; };
		7EF033A328E1DEE2007541EA /* Assets.xcassets in Resources */ = {isa = PBXBuildFile; fileRef = 7EF033A228E1DEE2007541EA /* Assets.xcassets */; };
		7EF033A628E1DEE2007541EA /* LaunchScreen.storyboard in Resources */ = {isa = PBXBuildFile; fileRef = 7EF033A428E1DEE2007541EA /* LaunchScreen.storyboard */; };
/* End PBXBuildFile section */

/* Begin PBXFileReference section */
		465A137980018645F0BCCA85 /* Pods-iGotit.debug.xcconfig */ = {isa = PBXFileReference; includeInIndex = 1; lastKnownFileType = text.xcconfig; name = "Pods-iGotit.debug.xcconfig"; path = "Target Support Files/Pods-iGotit/Pods-iGotit.debug.xcconfig"; sourceTree = "<group>"; };
		7E3B477228EA56F3003975C7 /* iGotit.entitlements */ = {isa = PBXFileReference; lastKnownFileType = text.plist.entitlements; path = iGotit.entitlements; sourceTree = "<group>"; };
		7E4459EC28E4322C00482354 /* LoginViewController.swift */ = {isa = PBXFileReference; lastKnownFileType = sourcecode.swift; path = LoginViewController.swift; sourceTree = "<group>"; };
		7EC8D8DD28E2E92B00CA7AD3 /* VisionKit.framework */ = {isa = PBXFileReference; lastKnownFileType = wrapper.framework; name = VisionKit.framework; path = System/Library/Frameworks/VisionKit.framework; sourceTree = SDKROOT; };
		7EF0339628E1DEDF007541EA /* iGotit.app */ = {isa = PBXFileReference; explicitFileType = wrapper.application; includeInIndex = 0; path = iGotit.app; sourceTree = BUILT_PRODUCTS_DIR; };
		7EF0339928E1DEDF007541EA /* AppDelegate.swift */ = {isa = PBXFileReference; lastKnownFileType = sourcecode.swift; path = AppDelegate.swift; sourceTree = "<group>"; };
		7EF0339B28E1DEDF007541EA /* SceneDelegate.swift */ = {isa = PBXFileReference; lastKnownFileType = sourcecode.swift; path = SceneDelegate.swift; sourceTree = "<group>"; };
		7EF0339D28E1DEDF007541EA /* ViewController.swift */ = {isa = PBXFileReference; lastKnownFileType = sourcecode.swift; path = ViewController.swift; sourceTree = "<group>"; };
		7EF033A028E1DEDF007541EA /* Base */ = {isa = PBXFileReference; lastKnownFileType = file.storyboard; name = Base; path = Base.lproj/Main.storyboard; sourceTree = "<group>"; };
		7EF033A228E1DEE2007541EA /* Assets.xcassets */ = {isa = PBXFileReference; lastKnownFileType = folder.assetcatalog; path = Assets.xcassets; sourceTree = "<group>"; };
		7EF033A528E1DEE2007541EA /* Base */ = {isa = PBXFileReference; lastKnownFileType = file.storyboard; name = Base; path = Base.lproj/LaunchScreen.storyboard; sourceTree = "<group>"; };
		7EF033A728E1DEE2007541EA /* Info.plist */ = {isa = PBXFileReference; lastKnownFileType = text.plist.xml; path = Info.plist; sourceTree = "<group>"; };
		8D9967A134B7D4B6EC148069 /* Pods-iGotit.release.xcconfig */ = {isa = PBXFileReference; includeInIndex = 1; lastKnownFileType = text.xcconfig; name = "Pods-iGotit.release.xcconfig"; path = "Target Support Files/Pods-iGotit/Pods-iGotit.release.xcconfig"; sourceTree = "<group>"; };
/* End PBXFileReference section */

/* Begin PBXFrameworksBuildPhase section */
		7EF0339328E1DEDF007541EA /* Frameworks */ = {
			isa = PBXFrameworksBuildPhase;
			buildActionMask = 2147483647;
			files = (
				7E3B477128EA559E003975C7 /* FacebookLogin in Frameworks */,
				7EDA549628EACF83003D03E8 /* FirebaseAuth in Frameworks */,
				7EDA549928EAD00C003D03E8 /* FirebaseFirestore in Frameworks */,
				7EDA549B28EAD00C003D03E8 /* FirebaseFirestoreSwift in Frameworks */,
			);
			runOnlyForDeploymentPostprocessing = 0;
		};
/* End PBXFrameworksBuildPhase section */

/* Begin PBXGroup section */
		619E27B81BC7A6E86F386471 /* Pods */ = {
			isa = PBXGroup;
			children = (
				465A137980018645F0BCCA85 /* Pods-iGotit.debug.xcconfig */,
				8D9967A134B7D4B6EC148069 /* Pods-iGotit.release.xcconfig */,
			);
			path = Pods;
			sourceTree = "<group>";
		};
		7EC8D8DC28E2E92B00CA7AD3 /* Frameworks */ = {
			isa = PBXGroup;
			children = (
				7EC8D8DD28E2E92B00CA7AD3 /* VisionKit.framework */,
			);
			name = Frameworks;
			sourceTree = "<group>";
		};
		7EF0338D28E1DEDF007541EA = {
			isa = PBXGroup;
			children = (
				7EF0339828E1DEDF007541EA /* iGotit */,
				7EF0339728E1DEDF007541EA /* Products */,
				7EC8D8DC28E2E92B00CA7AD3 /* Frameworks */,
				619E27B81BC7A6E86F386471 /* Pods */,
			);
			sourceTree = "<group>";
		};
		7EF0339728E1DEDF007541EA /* Products */ = {
			isa = PBXGroup;
			children = (
				7EF0339628E1DEDF007541EA /* iGotit.app */,
			);
			name = Products;
			sourceTree = "<group>";
		};
		7EF0339828E1DEDF007541EA /* iGotit */ = {
			isa = PBXGroup;
			children = (
				7E3B477228EA56F3003975C7 /* iGotit.entitlements */,
				7EF0339928E1DEDF007541EA /* AppDelegate.swift */,
				7EF0339B28E1DEDF007541EA /* SceneDelegate.swift */,
				7EF0339D28E1DEDF007541EA /* ViewController.swift */,
				7EF0339F28E1DEDF007541EA /* Main.storyboard */,
				7E4459EC28E4322C00482354 /* LoginViewController.swift */,
				7EF033A228E1DEE2007541EA /* Assets.xcassets */,
				7EF033A428E1DEE2007541EA /* LaunchScreen.storyboard */,
				7EF033A728E1DEE2007541EA /* Info.plist */,
			);
			path = iGotit;
			sourceTree = "<group>";
		};
/* End PBXGroup section */

/* Begin PBXNativeTarget section */
		7EF0339528E1DEDF007541EA /* iGotit */ = {
			isa = PBXNativeTarget;
			buildConfigurationList = 7EF033AA28E1DEE2007541EA /* Build configuration list for PBXNativeTarget "iGotit" */;
			buildPhases = (
				4B1572CA1F475983C3408027 /* [CP] Check Pods Manifest.lock */,
				7EF0339228E1DEDF007541EA /* Sources */,
				7EF0339328E1DEDF007541EA /* Frameworks */,
				7EF0339428E1DEDF007541EA /* Resources */,
			);
			buildRules = (
			);
			dependencies = (
			);
			name = iGotit;
			packageProductDependencies = (
				7E3B477028EA559E003975C7 /* FacebookLogin */,
				7EDA549528EACF83003D03E8 /* FirebaseAuth */,
				7EDA549828EAD00C003D03E8 /* FirebaseFirestore */,
				7EDA549A28EAD00C003D03E8 /* FirebaseFirestoreSwift */,
			);
			productName = iGotit;
			productReference = 7EF0339628E1DEDF007541EA /* iGotit.app */;
			productType = "com.apple.product-type.application";
		};
/* End PBXNativeTarget section */

/* Begin PBXProject section */
		7EF0338E28E1DEDF007541EA /* Project object */ = {
			isa = PBXProject;
			attributes = {
				BuildIndependentTargetsInParallel = 1;
				LastSwiftUpdateCheck = 1330;
				LastUpgradeCheck = 1330;
				TargetAttributes = {
					7EF0339528E1DEDF007541EA = {
						CreatedOnToolsVersion = 13.3;
					};
				};
			};
			buildConfigurationList = 7EF0339128E1DEDF007541EA /* Build configuration list for PBXProject "iGotit" */;
			compatibilityVersion = "Xcode 13.0";
			developmentRegion = en;
			hasScannedForEncodings = 0;
			knownRegions = (
				en,
				Base,
			);
			mainGroup = 7EF0338D28E1DEDF007541EA;
			packageReferences = (
				7E3B476F28EA559E003975C7 /* XCRemoteSwiftPackageReference "facebook-ios-sdk" */,
				7EDA549428EACF83003D03E8 /* XCRemoteSwiftPackageReference "firebase-ios-sdk" */,
				7EDA549728EAD00C003D03E8 /* XCRemoteSwiftPackageReference "firebase-ios-sdk" */,
			);
			productRefGroup = 7EF0339728E1DEDF007541EA /* Products */;
			projectDirPath = "";
			projectRoot = "";
			targets = (
				7EF0339528E1DEDF007541EA /* iGotit */,
			);
		};
/* End PBXProject section */

/* Begin PBXResourcesBuildPhase section */
		7EF0339428E1DEDF007541EA /* Resources */ = {
			isa = PBXResourcesBuildPhase;
			buildActionMask = 2147483647;
			files = (
				7EF033A628E1DEE2007541EA /* LaunchScreen.storyboard in Resources */,
				7EF033A328E1DEE2007541EA /* Assets.xcassets in Resources */,
				7EF033A128E1DEDF007541EA /* Main.storyboard in Resources */,
			);
			runOnlyForDeploymentPostprocessing = 0;
		};
/* End PBXResourcesBuildPhase section */

/* Begin PBXShellScriptBuildPhase section */
		4B1572CA1F475983C3408027 /* [CP] Check Pods Manifest.lock */ = {
			isa = PBXShellScriptBuildPhase;
			buildActionMask = 2147483647;
			files = (
			);
			inputFileListPaths = (
			);
			inputPaths = (
				"${PODS_PODFILE_DIR_PATH}/Podfile.lock",
				"${PODS_ROOT}/Manifest.lock",
			);
			name = "[CP] Check Pods Manifest.lock";
			outputFileListPaths = (
			);
			outputPaths = (
				"$(DERIVED_FILE_DIR)/Pods-iGotit-checkManifestLockResult.txt",
			);
			runOnlyForDeploymentPostprocessing = 0;
			shellPath = /bin/sh;
			shellScript = "diff \"${PODS_PODFILE_DIR_PATH}/Podfile.lock\" \"${PODS_ROOT}/Manifest.lock\" > /dev/null\nif [ $? != 0 ] ; then\n    # print error to STDERR\n    echo \"error: The sandbox is not in sync with the Podfile.lock. Run 'pod install' or update your CocoaPods installation.\" >&2\n    exit 1\nfi\n# This output is used by Xcode 'outputs' to avoid re-running this script phase.\necho \"SUCCESS\" > \"${SCRIPT_OUTPUT_FILE_0}\"\n";
			showEnvVarsInLog = 0;
		};
/* End PBXShellScriptBuildPhase section */

/* Begin PBXSourcesBuildPhase section */
		7EF0339228E1DEDF007541EA /* Sources */ = {
			isa = PBXSourcesBuildPhase;
			buildActionMask = 2147483647;
			files = (
				7E4459ED28E4322C00482354 /* LoginViewController.swift in Sources */,
				7EF0339E28E1DEDF007541EA /* ViewController.swift in Sources */,
				7EF0339A28E1DEDF007541EA /* AppDelegate.swift in Sources */,
				7EF0339C28E1DEDF007541EA /* SceneDelegate.swift in Sources */,
			);
			runOnlyForDeploymentPostprocessing = 0;
		};
/* End PBXSourcesBuildPhase section */

/* Begin PBXVariantGroup section */
		7EF0339F28E1DEDF007541EA /* Main.storyboard */ = {
			isa = PBXVariantGroup;
			children = (
				7EF033A028E1DEDF007541EA /* Base */,
			);
			name = Main.storyboard;
			sourceTree = "<group>";
		};
		7EF033A428E1DEE2007541EA /* LaunchScreen.storyboard */ = {
			isa = PBXVariantGroup;
			children = (
				7EF033A528E1DEE2007541EA /* Base */,
			);
			name = LaunchScreen.storyboard;
			sourceTree = "<group>";
		};
/* End PBXVariantGroup section */

/* Begin XCBuildConfiguration section */
		7EF033A828E1DEE2007541EA /* Debug */ = {
			isa = XCBuildConfiguration;
			buildSettings = {
				ALWAYS_SEARCH_USER_PATHS = NO;
				CLANG_ANALYZER_NONNULL = YES;
				CLANG_ANALYZER_NUMBER_OBJECT_CONVERSION = YES_AGGRESSIVE;
				CLANG_CXX_LANGUAGE_STANDARD = "gnu++17";
				CLANG_ENABLE_MODULES = YES;
				CLANG_ENABLE_OBJC_ARC = YES;
				CLANG_ENABLE_OBJC_WEAK = YES;
				CLANG_WARN_BLOCK_CAPTURE_AUTORELEASING = YES;
				CLANG_WARN_BOOL_CONVERSION = YES;
				CLANG_WARN_COMMA = YES;
				CLANG_WARN_CONSTANT_CONVERSION = YES;
				CLANG_WARN_DEPRECATED_OBJC_IMPLEMENTATIONS = YES;
				CLANG_WARN_DIRECT_OBJC_ISA_USAGE = YES_ERROR;
				CLANG_WARN_DOCUMENTATION_COMMENTS = YES;
				CLANG_WARN_EMPTY_BODY = YES;
				CLANG_WARN_ENUM_CONVERSION = YES;
				CLANG_WARN_INFINITE_RECURSION = YES;
				CLANG_WARN_INT_CONVERSION = YES;
				CLANG_WARN_NON_LITERAL_NULL_CONVERSION = YES;
				CLANG_WARN_OBJC_IMPLICIT_RETAIN_SELF = YES;
				CLANG_WARN_OBJC_LITERAL_CONVERSION = YES;
				CLANG_WARN_OBJC_ROOT_CLASS = YES_ERROR;
				CLANG_WARN_QUOTED_INCLUDE_IN_FRAMEWORK_HEADER = YES;
				CLANG_WARN_RANGE_LOOP_ANALYSIS = YES;
				CLANG_WARN_STRICT_PROTOTYPES = YES;
				CLANG_WARN_SUSPICIOUS_MOVE = YES;
				CLANG_WARN_UNGUARDED_AVAILABILITY = YES_AGGRESSIVE;
				CLANG_WARN_UNREACHABLE_CODE = YES;
				CLANG_WARN__DUPLICATE_METHOD_MATCH = YES;
				COPY_PHASE_STRIP = NO;
				DEBUG_INFORMATION_FORMAT = dwarf;
				ENABLE_STRICT_OBJC_MSGSEND = YES;
				ENABLE_TESTABILITY = YES;
				GCC_C_LANGUAGE_STANDARD = gnu11;
				GCC_DYNAMIC_NO_PIC = NO;
				GCC_NO_COMMON_BLOCKS = YES;
				GCC_OPTIMIZATION_LEVEL = 0;
				GCC_PREPROCESSOR_DEFINITIONS = (
					"DEBUG=1",
					"$(inherited)",
				);
				GCC_WARN_64_TO_32_BIT_CONVERSION = YES;
				GCC_WARN_ABOUT_RETURN_TYPE = YES_ERROR;
				GCC_WARN_UNDECLARED_SELECTOR = YES;
				GCC_WARN_UNINITIALIZED_AUTOS = YES_AGGRESSIVE;
				GCC_WARN_UNUSED_FUNCTION = YES;
				GCC_WARN_UNUSED_VARIABLE = YES;
				IPHONEOS_DEPLOYMENT_TARGET = 15.4;
				MTL_ENABLE_DEBUG_INFO = INCLUDE_SOURCE;
				MTL_FAST_MATH = YES;
				ONLY_ACTIVE_ARCH = YES;
				SDKROOT = iphoneos;
				SWIFT_ACTIVE_COMPILATION_CONDITIONS = DEBUG;
				SWIFT_OPTIMIZATION_LEVEL = "-Onone";
			};
			name = Debug;
		};
		7EF033A928E1DEE2007541EA /* Release */ = {
			isa = XCBuildConfiguration;
			buildSettings = {
				ALWAYS_SEARCH_USER_PATHS = NO;
				CLANG_ANALYZER_NONNULL = YES;
				CLANG_ANALYZER_NUMBER_OBJECT_CONVERSION = YES_AGGRESSIVE;
				CLANG_CXX_LANGUAGE_STANDARD = "gnu++17";
				CLANG_ENABLE_MODULES = YES;
				CLANG_ENABLE_OBJC_ARC = YES;
				CLANG_ENABLE_OBJC_WEAK = YES;
				CLANG_WARN_BLOCK_CAPTURE_AUTORELEASING = YES;
				CLANG_WARN_BOOL_CONVERSION = YES;
				CLANG_WARN_COMMA = YES;
				CLANG_WARN_CONSTANT_CONVERSION = YES;
				CLANG_WARN_DEPRECATED_OBJC_IMPLEMENTATIONS = YES;
				CLANG_WARN_DIRECT_OBJC_ISA_USAGE = YES_ERROR;
				CLANG_WARN_DOCUMENTATION_COMMENTS = YES;
				CLANG_WARN_EMPTY_BODY = YES;
				CLANG_WARN_ENUM_CONVERSION = YES;
				CLANG_WARN_INFINITE_RECURSION = YES;
				CLANG_WARN_INT_CONVERSION = YES;
				CLANG_WARN_NON_LITERAL_NULL_CONVERSION = YES;
				CLANG_WARN_OBJC_IMPLICIT_RETAIN_SELF = YES;
				CLANG_WARN_OBJC_LITERAL_CONVERSION = YES;
				CLANG_WARN_OBJC_ROOT_CLASS = YES_ERROR;
				CLANG_WARN_QUOTED_INCLUDE_IN_FRAMEWORK_HEADER = YES;
				CLANG_WARN_RANGE_LOOP_ANALYSIS = YES;
				CLANG_WARN_STRICT_PROTOTYPES = YES;
				CLANG_WARN_SUSPICIOUS_MOVE = YES;
				CLANG_WARN_UNGUARDED_AVAILABILITY = YES_AGGRESSIVE;
				CLANG_WARN_UNREACHABLE_CODE = YES;
				CLANG_WARN__DUPLICATE_METHOD_MATCH = YES;
				COPY_PHASE_STRIP = NO;
				DEBUG_INFORMATION_FORMAT = "dwarf-with-dsym";
				ENABLE_NS_ASSERTIONS = NO;
				ENABLE_STRICT_OBJC_MSGSEND = YES;
				GCC_C_LANGUAGE_STANDARD = gnu11;
				GCC_NO_COMMON_BLOCKS = YES;
				GCC_WARN_64_TO_32_BIT_CONVERSION = YES;
				GCC_WARN_ABOUT_RETURN_TYPE = YES_ERROR;
				GCC_WARN_UNDECLARED_SELECTOR = YES;
				GCC_WARN_UNINITIALIZED_AUTOS = YES_AGGRESSIVE;
				GCC_WARN_UNUSED_FUNCTION = YES;
				GCC_WARN_UNUSED_VARIABLE = YES;
				IPHONEOS_DEPLOYMENT_TARGET = 15.4;
				MTL_ENABLE_DEBUG_INFO = NO;
				MTL_FAST_MATH = YES;
				SDKROOT = iphoneos;
				SWIFT_COMPILATION_MODE = wholemodule;
				SWIFT_OPTIMIZATION_LEVEL = "-O";
				VALIDATE_PRODUCT = YES;
			};
			name = Release;
		};
		7EF033AB28E1DEE2007541EA /* Debug */ = {
			isa = XCBuildConfiguration;
			baseConfigurationReference = 465A137980018645F0BCCA85 /* Pods-iGotit.debug.xcconfig */;
			buildSettings = {
				ASSETCATALOG_COMPILER_APPICON_NAME = AppIcon;
				ASSETCATALOG_COMPILER_GLOBAL_ACCENT_COLOR_NAME = AccentColor;
				CODE_SIGN_ENTITLEMENTS = iGotit/iGotit.entitlements;
				CODE_SIGN_STYLE = Automatic;
				CURRENT_PROJECT_VERSION = 1;
				DEVELOPMENT_TEAM = L36Z6K6Q9J;
				GENERATE_INFOPLIST_FILE = YES;
				INFOPLIST_FILE = iGotit/Info.plist;
				INFOPLIST_KEY_NSCameraUsageDescription = "Could we acces your camera to scan documents?";
				INFOPLIST_KEY_NSPhotoLibraryAddUsageDescription = "Saving scanned documents";
				INFOPLIST_KEY_UIApplicationSupportsIndirectInputEvents = YES;
				INFOPLIST_KEY_UILaunchStoryboardName = LaunchScreen;
				INFOPLIST_KEY_UIMainStoryboardFile = Main;
				INFOPLIST_KEY_UISupportedInterfaceOrientations = UIInterfaceOrientationPortrait;
				INFOPLIST_KEY_UISupportedInterfaceOrientations_iPad = "UIInterfaceOrientationPortrait UIInterfaceOrientationPortraitUpsideDown UIInterfaceOrientationLandscapeLeft UIInterfaceOrientationLandscapeRight";
				INFOPLIST_KEY_UISupportedInterfaceOrientations_iPhone = "UIInterfaceOrientationPortrait UIInterfaceOrientationLandscapeLeft UIInterfaceOrientationLandscapeRight";
				LD_RUNPATH_SEARCH_PATHS = (
					"$(inherited)",
					"@executable_path/Frameworks",
				);
				MARKETING_VERSION = 1.0;
				PRODUCT_BUNDLE_IDENTIFIER = ehb.iGotit;
				PRODUCT_NAME = "$(TARGET_NAME)";
				SWIFT_EMIT_LOC_STRINGS = YES;
				SWIFT_VERSION = 5.0;
				TARGETED_DEVICE_FAMILY = 1;
			};
			name = Debug;
		};
		7EF033AC28E1DEE2007541EA /* Release */ = {
			isa = XCBuildConfiguration;
			baseConfigurationReference = 8D9967A134B7D4B6EC148069 /* Pods-iGotit.release.xcconfig */;
			buildSettings = {
				ASSETCATALOG_COMPILER_APPICON_NAME = AppIcon;
				ASSETCATALOG_COMPILER_GLOBAL_ACCENT_COLOR_NAME = AccentColor;
				CODE_SIGN_ENTITLEMENTS = iGotit/iGotit.entitlements;
				CODE_SIGN_STYLE = Automatic;
				CURRENT_PROJECT_VERSION = 1;
				DEVELOPMENT_TEAM = L36Z6K6Q9J;
				GENERATE_INFOPLIST_FILE = YES;
				INFOPLIST_FILE = iGotit/Info.plist;
				INFOPLIST_KEY_NSCameraUsageDescription = "Could we acces your camera to scan documents?";
				INFOPLIST_KEY_NSPhotoLibraryAddUsageDescription = "Saving scanned documents";
				INFOPLIST_KEY_UIApplicationSupportsIndirectInputEvents = YES;
				INFOPLIST_KEY_UILaunchStoryboardName = LaunchScreen;
				INFOPLIST_KEY_UIMainStoryboardFile = Main;
				INFOPLIST_KEY_UISupportedInterfaceOrientations = UIInterfaceOrientationPortrait;
				INFOPLIST_KEY_UISupportedInterfaceOrientations_iPad = "UIInterfaceOrientationPortrait UIInterfaceOrientationPortraitUpsideDown UIInterfaceOrientationLandscapeLeft UIInterfaceOrientationLandscapeRight";
				INFOPLIST_KEY_UISupportedInterfaceOrientations_iPhone = "UIInterfaceOrientationPortrait UIInterfaceOrientationLandscapeLeft UIInterfaceOrientationLandscapeRight";
				LD_RUNPATH_SEARCH_PATHS = (
					"$(inherited)",
					"@executable_path/Frameworks",
				);
				MARKETING_VERSION = 1.0;
				PRODUCT_BUNDLE_IDENTIFIER = ehb.iGotit;
				PRODUCT_NAME = "$(TARGET_NAME)";
				SWIFT_EMIT_LOC_STRINGS = YES;
				SWIFT_VERSION = 5.0;
				TARGETED_DEVICE_FAMILY = 1;
			};
			name = Release;
		};
/* End XCBuildConfiguration section */

/* Begin XCConfigurationList section */
		7EF0339128E1DEDF007541EA /* Build configuration list for PBXProject "iGotit" */ = {
			isa = XCConfigurationList;
			buildConfigurations = (
				7EF033A828E1DEE2007541EA /* Debug */,
				7EF033A928E1DEE2007541EA /* Release */,
			);
			defaultConfigurationIsVisible = 0;
			defaultConfigurationName = Release;
		};
		7EF033AA28E1DEE2007541EA /* Build configuration list for PBXNativeTarget "iGotit" */ = {
			isa = XCConfigurationList;
			buildConfigurations = (
				7EF033AB28E1DEE2007541EA /* Debug */,
				7EF033AC28E1DEE2007541EA /* Release */,
			);
			defaultConfigurationIsVisible = 0;
			defaultConfigurationName = Release;
		};
/* End XCConfigurationList section */

/* Begin XCRemoteSwiftPackageReference section */
		7E3B476F28EA559E003975C7 /* XCRemoteSwiftPackageReference "facebook-ios-sdk" */ = {
			isa = XCRemoteSwiftPackageReference;
			repositoryURL = "https://github.com/facebook/facebook-ios-sdk";
			requirement = {
				kind = upToNextMajorVersion;
				minimumVersion = 9.0.0;
			};
		};
		7EDA549428EACF83003D03E8 /* XCRemoteSwiftPackageReference "firebase-ios-sdk" */ = {
			isa = XCRemoteSwiftPackageReference;
			repositoryURL = "https://github.com/firebase/firebase-ios-sdk";
			requirement = {
				kind = upToNextMajorVersion;
				minimumVersion = 9.0.0;
			};
		};
		7EDA549728EAD00C003D03E8 /* XCRemoteSwiftPackageReference "firebase-ios-sdk" */ = {
			isa = XCRemoteSwiftPackageReference;
			repositoryURL = "https://github.com/firebase/firebase-ios-sdk";
			requirement = {
				kind = upToNextMajorVersion;
				minimumVersion = 9.0.0;
			};
		};
/* End XCRemoteSwiftPackageReference section */

/* Begin XCSwiftPackageProductDependency section */
		7E3B477028EA559E003975C7 /* FacebookLogin */ = {
			isa = XCSwiftPackageProductDependency;
			package = 7E3B476F28EA559E003975C7 /* XCRemoteSwiftPackageReference "facebook-ios-sdk" */;
			productName = FacebookLogin;
		};
		7EDA549528EACF83003D03E8 /* FirebaseAuth */ = {
			isa = XCSwiftPackageProductDependency;
			package = 7EDA549428EACF83003D03E8 /* XCRemoteSwiftPackageReference "firebase-ios-sdk" */;
			productName = FirebaseAuth;
		};
		7EDA549828EAD00C003D03E8 /* FirebaseFirestore */ = {
			isa = XCSwiftPackageProductDependency;
			package = 7EDA549428EACF83003D03E8 /* XCRemoteSwiftPackageReference "firebase-ios-sdk" */;
			productName = FirebaseFirestore;
		};
		7EDA549A28EAD00C003D03E8 /* FirebaseFirestoreSwift */ = {
			isa = XCSwiftPackageProductDependency;
			package = 7EDA549428EACF83003D03E8 /* XCRemoteSwiftPackageReference "firebase-ios-sdk" */;
			productName = FirebaseFirestoreSwift;
		};
/* End XCSwiftPackageProductDependency section */
	};
	rootObject = 7EF0338E28E1DEDF007541EA /* Project object */;
}
